
Microsoft Visual Studio Solution File, Format Version 12.00
# Visual Studio 15
VisualStudioVersion = 15.0.27130.2027
MinimumVisualStudioVersion = 10.0.40219.1
Project("{9A19103F-16F7-4668-BE54-9A1E7A4F7556}") = "Lesson3_Task1", "Lesson3_Task1\Lesson3_Task1.csproj", "{783E36EE-9634-474F-AB4C-80767194D099}"
EndProject
Project("{FAE04EC0-301F-11D3-BF4B-00C04F79EFBC}") = "Lesson3_Task2", "Lesson3_Task2\Lesson3_Task2.csproj", "{D2E5838B-BF90-4FA0-ABCF-E0345949F193}"
EndProject
Project("{FAE04EC0-301F-11D3-BF4B-00C04F79EFBC}") = "Lesson3_Task3", "Lesson3_Task3\Lesson3_Task3.csproj", "{11C00481-7A6B-4A5F-9263-D31F9795A36C}"
EndProject
Global
	GlobalSection(SolutionConfigurationPlatforms) = preSolution
		Debug|Any CPU = Debug|Any CPU
		Release|Any CPU = Release|Any CPU
	EndGlobalSection
	GlobalSection(ProjectConfigurationPlatforms) = postSolution
		{783E36EE-9634-474F-AB4C-80767194D099}.Debug|Any CPU.ActiveCfg = Debug|Any CPU
		{783E36EE-9634-474F-AB4C-80767194D099}.Debug|Any CPU.Build.0 = Debug|Any CPU
		{783E36EE-9634-474F-AB4C-80767194D099}.Release|Any CPU.ActiveCfg = Release|Any CPU
		{783E36EE-9634-474F-AB4C-80767194D099}.Release|Any CPU.Build.0 = Release|Any CPU
		{D2E5838B-BF90-4FA0-ABCF-E0345949F193}.Debug|Any CPU.ActiveCfg = Debug|Any CPU
		{D2E5838B-BF90-4FA0-ABCF-E0345949F193}.Debug|Any CPU.Build.0 = Debug|Any CPU
		{D2E5838B-BF90-4FA0-ABCF-E0345949F193}.Release|Any CPU.ActiveCfg = Release|Any CPU
		{D2E5838B-BF90-4FA0-ABCF-E0345949F193}.Release|Any CPU.Build.0 = Release|Any CPU
		{11C00481-7A6B-4A5F-9263-D31F9795A36C}.Debug|Any CPU.ActiveCfg = Debug|Any CPU
		{11C00481-7A6B-4A5F-9263-D31F9795A36C}.Debug|Any CPU.Build.0 = Debug|Any CPU
		{11C00481-7A6B-4A5F-9263-D31F9795A36C}.Release|Any CPU.ActiveCfg = Release|Any CPU
		{11C00481-7A6B-4A5F-9263-D31F9795A36C}.Release|Any CPU.Build.0 = Release|Any CPU
	EndGlobalSection
	GlobalSection(SolutionProperties) = preSolution
		HideSolutionNode = FALSE
	EndGlobalSection
	GlobalSection(ExtensibilityGlobals) = postSolution
		SolutionGuid = {EC9FC6FE-73DE-4507-968E-552C80D0BFFE}
	EndGlobalSection
EndGlobal
