
Microsoft Visual Studio Solution File, Format Version 12.00
# Visual Studio 15
VisualStudioVersion = 15.0.27130.2027
MinimumVisualStudioVersion = 10.0.40219.1
Project("{FAE04EC0-301F-11D3-BF4B-00C04F79EFBC}") = "Lesson4_Task1", "Lesson4_Task1\Lesson4_Task1.csproj", "{7B22B5FB-F470-495D-AF62-0847D813B3AD}"
EndProject
Project("{FAE04EC0-301F-11D3-BF4B-00C04F79EFBC}") = "Lesson4_Task2", "Lesson4_Task2\Lesson4_Task2.csproj", "{359EEE8B-5D76-40B9-9C21-724584CDC79E}"
EndProject
Project("{FAE04EC0-301F-11D3-BF4B-00C04F79EFBC}") = "Lesson4_Task3", "Lesson4_Task3\Lesson4_Task3.csproj", "{36A33CBB-BCD4-40E5-8C44-F48A84B95FD9}"
EndProject
Global
	GlobalSection(SolutionConfigurationPlatforms) = preSolution
		Debug|Any CPU = Debug|Any CPU
		Release|Any CPU = Release|Any CPU
	EndGlobalSection
	GlobalSection(ProjectConfigurationPlatforms) = postSolution
		{7B22B5FB-F470-495D-AF62-0847D813B3AD}.Debug|Any CPU.ActiveCfg = Debug|Any CPU
		{7B22B5FB-F470-495D-AF62-0847D813B3AD}.Debug|Any CPU.Build.0 = Debug|Any CPU
		{7B22B5FB-F470-495D-AF62-0847D813B3AD}.Release|Any CPU.ActiveCfg = Release|Any CPU
		{7B22B5FB-F470-495D-AF62-0847D813B3AD}.Release|Any CPU.Build.0 = Release|Any CPU
		{359EEE8B-5D76-40B9-9C21-724584CDC79E}.Debug|Any CPU.ActiveCfg = Debug|Any CPU
		{359EEE8B-5D76-40B9-9C21-724584CDC79E}.Debug|Any CPU.Build.0 = Debug|Any CPU
		{359EEE8B-5D76-40B9-9C21-724584CDC79E}.Release|Any CPU.ActiveCfg = Release|Any CPU
		{359EEE8B-5D76-40B9-9C21-724584CDC79E}.Release|Any CPU.Build.0 = Release|Any CPU
		{36A33CBB-BCD4-40E5-8C44-F48A84B95FD9}.Debug|Any CPU.ActiveCfg = Debug|Any CPU
		{36A33CBB-BCD4-40E5-8C44-F48A84B95FD9}.Debug|Any CPU.Build.0 = Debug|Any CPU
		{36A33CBB-BCD4-40E5-8C44-F48A84B95FD9}.Release|Any CPU.ActiveCfg = Release|Any CPU
		{36A33CBB-BCD4-40E5-8C44-F48A84B95FD9}.Release|Any CPU.Build.0 = Release|Any CPU
	EndGlobalSection
	GlobalSection(SolutionProperties) = preSolution
		HideSolutionNode = FALSE
	EndGlobalSection
	GlobalSection(ExtensibilityGlobals) = postSolution
		SolutionGuid = {1FC24E21-422F-49FC-9B14-A67F2D7B6E8A}
	EndGlobalSection
EndGlobal
