
Microsoft Visual Studio Solution File, Format Version 12.00
# Visual Studio 15
VisualStudioVersion = 15.0.27130.2036
MinimumVisualStudioVersion = 10.0.40219.1
Project("{FAE04EC0-301F-11D3-BF4B-00C04F79EFBC}") = "Lesson1", "Lesson1\Lesson1.csproj", "{F8B8BF96-CD4E-4F6B-874B-4092E74725D5}"
EndProject
Project("{FAE04EC0-301F-11D3-BF4B-00C04F79EFBC}") = "Lesson1_Task2", "Lesson1_Task2\Lesson1_Task2.csproj", "{53F30BDC-5CB8-4E18-A9A0-C71A665BC050}"
EndProject
Project("{FAE04EC0-301F-11D3-BF4B-00C04F79EFBC}") = "Lesson1_Task3", "Lesson1_Task3\Lesson1_Task3.csproj", "{DFA78EFE-DB02-49EF-92EA-853119022045}"
EndProject
Project("{FAE04EC0-301F-11D3-BF4B-00C04F79EFBC}") = "Lesson1_Task5.6", "Lesson1_Task5.6\Lesson1_Task5.6.csproj", "{8339E2F5-34A9-4356-AAE0-5395F1C40374}"
EndProject
Project("{FAE04EC0-301F-11D3-BF4B-00C04F79EFBC}") = "Lesson1_Task4", "Lesson1_Task4\Lesson1_Task4.csproj", "{7ACF0464-FD86-4962-BB28-5CF1C365C806}"
EndProject
Global
	GlobalSection(SolutionConfigurationPlatforms) = preSolution
		Debug|Any CPU = Debug|Any CPU
		Release|Any CPU = Release|Any CPU
	EndGlobalSection
	GlobalSection(ProjectConfigurationPlatforms) = postSolution
		{F8B8BF96-CD4E-4F6B-874B-4092E74725D5}.Debug|Any CPU.ActiveCfg = Debug|Any CPU
		{F8B8BF96-CD4E-4F6B-874B-4092E74725D5}.Debug|Any CPU.Build.0 = Debug|Any CPU
		{F8B8BF96-CD4E-4F6B-874B-4092E74725D5}.Release|Any CPU.ActiveCfg = Release|Any CPU
		{F8B8BF96-CD4E-4F6B-874B-4092E74725D5}.Release|Any CPU.Build.0 = Release|Any CPU
		{53F30BDC-5CB8-4E18-A9A0-C71A665BC050}.Debug|Any CPU.ActiveCfg = Debug|Any CPU
		{53F30BDC-5CB8-4E18-A9A0-C71A665BC050}.Debug|Any CPU.Build.0 = Debug|Any CPU
		{53F30BDC-5CB8-4E18-A9A0-C71A665BC050}.Release|Any CPU.ActiveCfg = Release|Any CPU
		{53F30BDC-5CB8-4E18-A9A0-C71A665BC050}.Release|Any CPU.Build.0 = Release|Any CPU
		{DFA78EFE-DB02-49EF-92EA-853119022045}.Debug|Any CPU.ActiveCfg = Debug|Any CPU
		{DFA78EFE-DB02-49EF-92EA-853119022045}.Debug|Any CPU.Build.0 = Debug|Any CPU
		{DFA78EFE-DB02-49EF-92EA-853119022045}.Release|Any CPU.ActiveCfg = Release|Any CPU
		{DFA78EFE-DB02-49EF-92EA-853119022045}.Release|Any CPU.Build.0 = Release|Any CPU
		{8339E2F5-34A9-4356-AAE0-5395F1C40374}.Debug|Any CPU.ActiveCfg = Debug|Any CPU
		{8339E2F5-34A9-4356-AAE0-5395F1C40374}.Debug|Any CPU.Build.0 = Debug|Any CPU
		{8339E2F5-34A9-4356-AAE0-5395F1C40374}.Release|Any CPU.ActiveCfg = Release|Any CPU
		{8339E2F5-34A9-4356-AAE0-5395F1C40374}.Release|Any CPU.Build.0 = Release|Any CPU
		{7ACF0464-FD86-4962-BB28-5CF1C365C806}.Debug|Any CPU.ActiveCfg = Debug|Any CPU
		{7ACF0464-FD86-4962-BB28-5CF1C365C806}.Debug|Any CPU.Build.0 = Debug|Any CPU
		{7ACF0464-FD86-4962-BB28-5CF1C365C806}.Release|Any CPU.ActiveCfg = Release|Any CPU
		{7ACF0464-FD86-4962-BB28-5CF1C365C806}.Release|Any CPU.Build.0 = Release|Any CPU
	EndGlobalSection
	GlobalSection(SolutionProperties) = preSolution
		HideSolutionNode = FALSE
	EndGlobalSection
	GlobalSection(ExtensibilityGlobals) = postSolution
		SolutionGuid = {FACB90C5-1665-48AC-AB70-0E0557506119}
	EndGlobalSection
EndGlobal
